
Microsoft Visual Studio Solution File, Format Version 12.00
# Visual Studio 15
VisualStudioVersion = 15.0.26124.0
MinimumVisualStudioVersion = 15.0.26124.0
Project("{FAE04EC0-301F-11D3-BF4B-00C04F79EFBC}") = "API", "API\API.csproj", "{FD0BF3F8-2F39-4877-A553-5D22ED12C7CB}"
EndProject
Project("{FAE04EC0-301F-11D3-BF4B-00C04F79EFBC}") = "Core", "Core\Core.csproj", "{FBB4FE31-028F-4694-9D67-DC0A2AC61042}"
EndProject
Project("{FAE04EC0-301F-11D3-BF4B-00C04F79EFBC}") = "Infrastructure", "Infrastructure\Infrastructure.csproj", "{380319FE-A843-4458-AB80-22727FD98F3C}"
EndProject
Global
	GlobalSection(SolutionConfigurationPlatforms) = preSolution
		Debug|Any CPU = Debug|Any CPU
		Debug|x64 = Debug|x64
		Debug|x86 = Debug|x86
		Release|Any CPU = Release|Any CPU
		Release|x64 = Release|x64
		Release|x86 = Release|x86
	EndGlobalSection
	GlobalSection(SolutionProperties) = preSolution
		HideSolutionNode = FALSE
	EndGlobalSection
	GlobalSection(ProjectConfigurationPlatforms) = postSolution
		{FD0BF3F8-2F39-4877-A553-5D22ED12C7CB}.Debug|Any CPU.ActiveCfg = Debug|Any CPU
		{FD0BF3F8-2F39-4877-A553-5D22ED12C7CB}.Debug|Any CPU.Build.0 = Debug|Any CPU
		{FD0BF3F8-2F39-4877-A553-5D22ED12C7CB}.Debug|x64.ActiveCfg = Debug|Any CPU
		{FD0BF3F8-2F39-4877-A553-5D22ED12C7CB}.Debug|x64.Build.0 = Debug|Any CPU
		{FD0BF3F8-2F39-4877-A553-5D22ED12C7CB}.Debug|x86.ActiveCfg = Debug|Any CPU
		{FD0BF3F8-2F39-4877-A553-5D22ED12C7CB}.Debug|x86.Build.0 = Debug|Any CPU
		{FD0BF3F8-2F39-4877-A553-5D22ED12C7CB}.Release|Any CPU.ActiveCfg = Release|Any CPU
		{FD0BF3F8-2F39-4877-A553-5D22ED12C7CB}.Release|Any CPU.Build.0 = Release|Any CPU
		{FD0BF3F8-2F39-4877-A553-5D22ED12C7CB}.Release|x64.ActiveCfg = Release|Any CPU
		{FD0BF3F8-2F39-4877-A553-5D22ED12C7CB}.Release|x64.Build.0 = Release|Any CPU
		{FD0BF3F8-2F39-4877-A553-5D22ED12C7CB}.Release|x86.ActiveCfg = Release|Any CPU
		{FD0BF3F8-2F39-4877-A553-5D22ED12C7CB}.Release|x86.Build.0 = Release|Any CPU
		{FBB4FE31-028F-4694-9D67-DC0A2AC61042}.Debug|Any CPU.ActiveCfg = Debug|Any CPU
		{FBB4FE31-028F-4694-9D67-DC0A2AC61042}.Debug|Any CPU.Build.0 = Debug|Any CPU
		{FBB4FE31-028F-4694-9D67-DC0A2AC61042}.Debug|x64.ActiveCfg = Debug|Any CPU
		{FBB4FE31-028F-4694-9D67-DC0A2AC61042}.Debug|x64.Build.0 = Debug|Any CPU
		{FBB4FE31-028F-4694-9D67-DC0A2AC61042}.Debug|x86.ActiveCfg = Debug|Any CPU
		{FBB4FE31-028F-4694-9D67-DC0A2AC61042}.Debug|x86.Build.0 = Debug|Any CPU
		{FBB4FE31-028F-4694-9D67-DC0A2AC61042}.Release|Any CPU.ActiveCfg = Release|Any CPU
		{FBB4FE31-028F-4694-9D67-DC0A2AC61042}.Release|Any CPU.Build.0 = Release|Any CPU
		{FBB4FE31-028F-4694-9D67-DC0A2AC61042}.Release|x64.ActiveCfg = Release|Any CPU
		{FBB4FE31-028F-4694-9D67-DC0A2AC61042}.Release|x64.Build.0 = Release|Any CPU
		{FBB4FE31-028F-4694-9D67-DC0A2AC61042}.Release|x86.ActiveCfg = Release|Any CPU
		{FBB4FE31-028F-4694-9D67-DC0A2AC61042}.Release|x86.Build.0 = Release|Any CPU
		{380319FE-A843-4458-AB80-22727FD98F3C}.Debug|Any CPU.ActiveCfg = Debug|Any CPU
		{380319FE-A843-4458-AB80-22727FD98F3C}.Debug|Any CPU.Build.0 = Debug|Any CPU
		{380319FE-A843-4458-AB80-22727FD98F3C}.Debug|x64.ActiveCfg = Debug|Any CPU
		{380319FE-A843-4458-AB80-22727FD98F3C}.Debug|x64.Build.0 = Debug|Any CPU
		{380319FE-A843-4458-AB80-22727FD98F3C}.Debug|x86.ActiveCfg = Debug|Any CPU
		{380319FE-A843-4458-AB80-22727FD98F3C}.Debug|x86.Build.0 = Debug|Any CPU
		{380319FE-A843-4458-AB80-22727FD98F3C}.Release|Any CPU.ActiveCfg = Release|Any CPU
		{380319FE-A843-4458-AB80-22727FD98F3C}.Release|Any CPU.Build.0 = Release|Any CPU
		{380319FE-A843-4458-AB80-22727FD98F3C}.Release|x64.ActiveCfg = Release|Any CPU
		{380319FE-A843-4458-AB80-22727FD98F3C}.Release|x64.Build.0 = Release|Any CPU
		{380319FE-A843-4458-AB80-22727FD98F3C}.Release|x86.ActiveCfg = Release|Any CPU
		{380319FE-A843-4458-AB80-22727FD98F3C}.Release|x86.Build.0 = Release|Any CPU
	EndGlobalSection
EndGlobal
